
Microsoft Visual Studio Solution File, Format Version 12.00
# Visual Studio Version 16
VisualStudioVersion = 16.0.31729.503
MinimumVisualStudioVersion = 10.0.40219.1
Project("{9A19103F-16F7-4668-BE54-9A1E7A4F7556}") = "Telegram_Bot", "Telegram_Bot.csproj", "{9944597D-B1E7-4343-958F-811D20BCD1C1}"
EndProject
Project("{2150E333-8FDC-42A3-9474-1A3956D46DE8}") = "Solution Items", "Solution Items", "{870EB5CC-F8E6-417F-8E8F-70EB077AA0D3}"
	ProjectSection(SolutionItems) = preProject
		.editorconfig = .editorconfig
	EndProjectSection
EndProject
Global
	GlobalSection(SolutionConfigurationPlatforms) = preSolution
		Debug|Any CPU = Debug|Any CPU
		Release|Any CPU = Release|Any CPU
	EndGlobalSection
	GlobalSection(ProjectConfigurationPlatforms) = postSolution
		{9944597D-B1E7-4343-958F-811D20BCD1C1}.Debug|Any CPU.ActiveCfg = Debug|Any CPU
		{9944597D-B1E7-4343-958F-811D20BCD1C1}.Debug|Any CPU.Build.0 = Debug|Any CPU
		{9944597D-B1E7-4343-958F-811D20BCD1C1}.Release|Any CPU.ActiveCfg = Release|Any CPU
		{9944597D-B1E7-4343-958F-811D20BCD1C1}.Release|Any CPU.Build.0 = Release|Any CPU
	EndGlobalSection
	GlobalSection(SolutionProperties) = preSolution
		HideSolutionNode = FALSE
	EndGlobalSection
	GlobalSection(ExtensibilityGlobals) = postSolution
		SolutionGuid = {FFF05DB4-A1B4-4751-94AC-547B1C1F2994}
	EndGlobalSection
EndGlobal
